// !$*UTF8*$!
{
	archiveVersion = 1;
	classes = {
	};
	objectVersion = 50;
	objects = {

/* Begin PBXBuildFile section */
		580B34E82682671400A55703 /* AppDelegate.m in Sources */ = {isa = PBXBuildFile; fileRef = 580B34E72682671400A55703 /* AppDelegate.m */; };
		580B34EB2682671400A55703 /* SceneDelegate.m in Sources */ = {isa = PBXBuildFile; fileRef = 580B34EA2682671400A55703 /* SceneDelegate.m */; };
		580B34F12682671500A55703 /* Main.storyboard in Resources */ = {isa = PBXBuildFile; fileRef = 580B34EF2682671500A55703 /* Main.storyboard */; };
		580B34F32682671600A55703 /* Assets.xcassets in Resources */ = {isa = PBXBuildFile; fileRef = 580B34F22682671600A55703 /* Assets.xcassets */; };
		580B34F62682671600A55703 /* LaunchScreen.storyboard in Resources */ = {isa = PBXBuildFile; fileRef = 580B34F42682671600A55703 /* LaunchScreen.storyboard */; };
		580B34F92682671600A55703 /* main.m in Sources */ = {isa = PBXBuildFile; fileRef = 580B34F82682671600A55703 /* main.m */; };
		580B35032682671700A55703 /* TipperTests.m in Sources */ = {isa = PBXBuildFile; fileRef = 580B35022682671700A55703 /* TipperTests.m */; };
		580B350E2682671700A55703 /* TipperUITests.m in Sources */ = {isa = PBXBuildFile; fileRef = 580B350D2682671700A55703 /* TipperUITests.m */; };
		580B351D26826EC900A55703 /* TipViewController.m in Sources */ = {isa = PBXBuildFile; fileRef = 580B351C26826EC900A55703 /* TipViewController.m */; };
/* End PBXBuildFile section */

/* Begin PBXContainerItemProxy section */
		580B34FF2682671700A55703 /* PBXContainerItemProxy */ = {
			isa = PBXContainerItemProxy;
			containerPortal = 580B34DB2682671400A55703 /* Project object */;
			proxyType = 1;
			remoteGlobalIDString = 580B34E22682671400A55703;
			remoteInfo = Tipper;
		};
		580B350A2682671700A55703 /* PBXContainerItemProxy */ = {
			isa = PBXContainerItemProxy;
			containerPortal = 580B34DB2682671400A55703 /* Project object */;
			proxyType = 1;
			remoteGlobalIDString = 580B34E22682671400A55703;
			remoteInfo = Tipper;
		};
/* End PBXContainerItemProxy section */

/* Begin PBXFileReference section */
		580B34E32682671400A55703 /* Tipper.app */ = {isa = PBXFileReference; explicitFileType = wrapper.application; includeInIndex = 0; path = Tipper.app; sourceTree = BUILT_PRODUCTS_DIR; };
		580B34E62682671400A55703 /* AppDelegate.h */ = {isa = PBXFileReference; lastKnownFileType = sourcecode.c.h; path = AppDelegate.h; sourceTree = "<group>"; };
		580B34E72682671400A55703 /* AppDelegate.m */ = {isa = PBXFileReference; lastKnownFileType = sourcecode.c.objc; path = AppDelegate.m; sourceTree = "<group>"; };
		580B34E92682671400A55703 /* SceneDelegate.h */ = {isa = PBXFileReference; lastKnownFileType = sourcecode.c.h; path = SceneDelegate.h; sourceTree = "<group>"; };
		580B34EA2682671400A55703 /* SceneDelegate.m */ = {isa = PBXFileReference; lastKnownFileType = sourcecode.c.objc; path = SceneDelegate.m; sourceTree = "<group>"; };
		580B34F02682671500A55703 /* Base */ = {isa = PBXFileReference; lastKnownFileType = file.storyboard; name = Base; path = Base.lproj/Main.storyboard; sourceTree = "<group>"; };
		580B34F22682671600A55703 /* Assets.xcassets */ = {isa = PBXFileReference; lastKnownFileType = folder.assetcatalog; path = Assets.xcassets; sourceTree = "<group>"; };
		580B34F52682671600A55703 /* Base */ = {isa = PBXFileReference; lastKnownFileType = file.storyboard; name = Base; path = Base.lproj/LaunchScreen.storyboard; sourceTree = "<group>"; };
		580B34F72682671600A55703 /* Info.plist */ = {isa = PBXFileReference; lastKnownFileType = text.plist.xml; path = Info.plist; sourceTree = "<group>"; };
		580B34F82682671600A55703 /* main.m */ = {isa = PBXFileReference; lastKnownFileType = sourcecode.c.objc; path = main.m; sourceTree = "<group>"; };
		580B34FE2682671700A55703 /* TipperTests.xctest */ = {isa = PBXFileReference; explicitFileType = wrapper.cfbundle; includeInIndex = 0; path = TipperTests.xctest; sourceTree = BUILT_PRODUCTS_DIR; };
		580B35022682671700A55703 /* TipperTests.m */ = {isa = PBXFileReference; lastKnownFileType = sourcecode.c.objc; path = TipperTests.m; sourceTree = "<group>"; };
		580B35042682671700A55703 /* Info.plist */ = {isa = PBXFileReference; lastKnownFileType = text.plist.xml; path = Info.plist; sourceTree = "<group>"; };
		580B35092682671700A55703 /* TipperUITests.xctest */ = {isa = PBXFileReference; explicitFileType = wrapper.cfbundle; includeInIndex = 0; path = TipperUITests.xctest; sourceTree = BUILT_PRODUCTS_DIR; };
		580B350D2682671700A55703 /* TipperUITests.m */ = {isa = PBXFileReference; lastKnownFileType = sourcecode.c.objc; path = TipperUITests.m; sourceTree = "<group>"; };
		580B350F2682671700A55703 /* Info.plist */ = {isa = PBXFileReference; lastKnownFileType = text.plist.xml; path = Info.plist; sourceTree = "<group>"; };
		580B351B26826EC900A55703 /* TipViewController.h */ = {isa = PBXFileReference; lastKnownFileType = sourcecode.c.h; path = TipViewController.h; sourceTree = "<group>"; };
		580B351C26826EC900A55703 /* TipViewController.m */ = {isa = PBXFileReference; lastKnownFileType = sourcecode.c.objc; path = TipViewController.m; sourceTree = "<group>"; };
/* End PBXFileReference section */

/* Begin PBXFrameworksBuildPhase section */
		580B34E02682671400A55703 /* Frameworks */ = {
			isa = PBXFrameworksBuildPhase;
			buildActionMask = 2147483647;
			files = (
			);
			runOnlyForDeploymentPostprocessing = 0;
		};
		580B34FB2682671700A55703 /* Frameworks */ = {
			isa = PBXFrameworksBuildPhase;
			buildActionMask = 2147483647;
			files = (
			);
			runOnlyForDeploymentPostprocessing = 0;
		};
		580B35062682671700A55703 /* Frameworks */ = {
			isa = PBXFrameworksBuildPhase;
			buildActionMask = 2147483647;
			files = (
			);
			runOnlyForDeploymentPostprocessing = 0;
		};
/* End PBXFrameworksBuildPhase section */

/* Begin PBXGroup section */
		580B34DA2682671400A55703 = {
			isa = PBXGroup;
			children = (
				580B34E52682671400A55703 /* Tipper */,
				580B35012682671700A55703 /* TipperTests */,
				580B350C2682671700A55703 /* TipperUITests */,
				580B34E42682671400A55703 /* Products */,
			);
			sourceTree = "<group>";
		};
		580B34E42682671400A55703 /* Products */ = {
			isa = PBXGroup;
			children = (
				580B34E32682671400A55703 /* Tipper.app */,
				580B34FE2682671700A55703 /* TipperTests.xctest */,
				580B35092682671700A55703 /* TipperUITests.xctest */,
			);
			name = Products;
			sourceTree = "<group>";
		};
		580B34E52682671400A55703 /* Tipper */ = {
			isa = PBXGroup;
			children = (
				580B34E62682671400A55703 /* AppDelegate.h */,
				580B34E72682671400A55703 /* AppDelegate.m */,
				580B34E92682671400A55703 /* SceneDelegate.h */,
				580B34EA2682671400A55703 /* SceneDelegate.m */,
				580B34EF2682671500A55703 /* Main.storyboard */,
				580B351B26826EC900A55703 /* TipViewController.h */,
				580B351C26826EC900A55703 /* TipViewController.m */,
				580B34F22682671600A55703 /* Assets.xcassets */,
				580B34F42682671600A55703 /* LaunchScreen.storyboard */,
				580B34F72682671600A55703 /* Info.plist */,
				580B34F82682671600A55703 /* main.m */,
			);
			path = Tipper;
			sourceTree = "<group>";
		};
		580B35012682671700A55703 /* TipperTests */ = {
			isa = PBXGroup;
			children = (
				580B35022682671700A55703 /* TipperTests.m */,
				580B35042682671700A55703 /* Info.plist */,
			);
			path = TipperTests;
			sourceTree = "<group>";
		};
		580B350C2682671700A55703 /* TipperUITests */ = {
			isa = PBXGroup;
			children = (
				580B350D2682671700A55703 /* TipperUITests.m */,
				580B350F2682671700A55703 /* Info.plist */,
			);
			path = TipperUITests;
			sourceTree = "<group>";
		};
/* End PBXGroup section */

/* Begin PBXNativeTarget section */
		580B34E22682671400A55703 /* Tipper */ = {
			isa = PBXNativeTarget;
			buildConfigurationList = 580B35122682671700A55703 /* Build configuration list for PBXNativeTarget "Tipper" */;
			buildPhases = (
				580B34DF2682671400A55703 /* Sources */,
				580B34E02682671400A55703 /* Frameworks */,
				580B34E12682671400A55703 /* Resources */,
			);
			buildRules = (
			);
			dependencies = (
			);
			name = Tipper;
			productName = Tipper;
			productReference = 580B34E32682671400A55703 /* Tipper.app */;
			productType = "com.apple.product-type.application";
		};
		580B34FD2682671700A55703 /* TipperTests */ = {
			isa = PBXNativeTarget;
			buildConfigurationList = 580B35152682671700A55703 /* Build configuration list for PBXNativeTarget "TipperTests" */;
			buildPhases = (
				580B34FA2682671700A55703 /* Sources */,
				580B34FB2682671700A55703 /* Frameworks */,
				580B34FC2682671700A55703 /* Resources */,
			);
			buildRules = (
			);
			dependencies = (
				580B35002682671700A55703 /* PBXTargetDependency */,
			);
			name = TipperTests;
			productName = TipperTests;
			productReference = 580B34FE2682671700A55703 /* TipperTests.xctest */;
			productType = "com.apple.product-type.bundle.unit-test";
		};
		580B35082682671700A55703 /* TipperUITests */ = {
			isa = PBXNativeTarget;
			buildConfigurationList = 580B35182682671700A55703 /* Build configuration list for PBXNativeTarget "TipperUITests" */;
			buildPhases = (
				580B35052682671700A55703 /* Sources */,
				580B35062682671700A55703 /* Frameworks */,
				580B35072682671700A55703 /* Resources */,
			);
			buildRules = (
			);
			dependencies = (
				580B350B2682671700A55703 /* PBXTargetDependency */,
			);
			name = TipperUITests;
			productName = TipperUITests;
			productReference = 580B35092682671700A55703 /* TipperUITests.xctest */;
			productType = "com.apple.product-type.bundle.ui-testing";
		};
/* End PBXNativeTarget section */

/* Begin PBXProject section */
		580B34DB2682671400A55703 /* Project object */ = {
			isa = PBXProject;
			attributes = {
				LastUpgradeCheck = 1250;
				TargetAttributes = {
					580B34E22682671400A55703 = {
						CreatedOnToolsVersion = 12.5.1;
					};
					580B34FD2682671700A55703 = {
						CreatedOnToolsVersion = 12.5.1;
						TestTargetID = 580B34E22682671400A55703;
					};
					580B35082682671700A55703 = {
						CreatedOnToolsVersion = 12.5.1;
						TestTargetID = 580B34E22682671400A55703;
					};
				};
			};
			buildConfigurationList = 580B34DE2682671400A55703 /* Build configuration list for PBXProject "Tipper" */;
			compatibilityVersion = "Xcode 9.3";
			developmentRegion = en;
			hasScannedForEncodings = 0;
			knownRegions = (
				en,
				Base,
			);
			mainGroup = 580B34DA2682671400A55703;
			productRefGroup = 580B34E42682671400A55703 /* Products */;
			projectDirPath = "";
			projectRoot = "";
			targets = (
				580B34E22682671400A55703 /* Tipper */,
				580B34FD2682671700A55703 /* TipperTests */,
				580B35082682671700A55703 /* TipperUITests */,
			);
		};
/* End PBXProject section */

/* Begin PBXResourcesBuildPhase section */
		580B34E12682671400A55703 /* Resources */ = {
			isa = PBXResourcesBuildPhase;
			buildActionMask = 2147483647;
			files = (
				580B34F62682671600A55703 /* LaunchScreen.storyboard in Resources */,
				580B34F32682671600A55703 /* Assets.xcassets in Resources */,
				580B34F12682671500A55703 /* Main.storyboard in Resources */,
			);
			runOnlyForDeploymentPostprocessing = 0;
		};
		580B34FC2682671700A55703 /* Resources */ = {
			isa = PBXResourcesBuildPhase;
			buildActionMask = 2147483647;
			files = (
			);
			runOnlyForDeploymentPostprocessing = 0;
		};
		580B35072682671700A55703 /* Resources */ = {
			isa = PBXResourcesBuildPhase;
			buildActionMask = 2147483647;
			files = (
			);
			runOnlyForDeploymentPostprocessing = 0;
		};
/* End PBXResourcesBuildPhase section */

/* Begin PBXSourcesBuildPhase section */
		580B34DF2682671400A55703 /* Sources */ = {
			isa = PBXSourcesBuildPhase;
			buildActionMask = 2147483647;
			files = (
				580B34E82682671400A55703 /* AppDelegate.m in Sources */,
				580B34F92682671600A55703 /* main.m in Sources */,
				580B351D26826EC900A55703 /* TipViewController.m in Sources */,
				580B34EB2682671400A55703 /* SceneDelegate.m in Sources */,
			);
			runOnlyForDeploymentPostprocessing = 0;
		};
		580B34FA2682671700A55703 /* Sources */ = {
			isa = PBXSourcesBuildPhase;
			buildActionMask = 2147483647;
			files = (
				580B35032682671700A55703 /* TipperTests.m in Sources */,
			);
			runOnlyForDeploymentPostprocessing = 0;
		};
		580B35052682671700A55703 /* Sources */ = {
			isa = PBXSourcesBuildPhase;
			buildActionMask = 2147483647;
			files = (
				580B350E2682671700A55703 /* TipperUITests.m in Sources */,
			);
			runOnlyForDeploymentPostprocessing = 0;
		};
/* End PBXSourcesBuildPhase section */

/* Begin PBXTargetDependency section */
		580B35002682671700A55703 /* PBXTargetDependency */ = {
			isa = PBXTargetDependency;
			target = 580B34E22682671400A55703 /* Tipper */;
			targetProxy = 580B34FF2682671700A55703 /* PBXContainerItemProxy */;
		};
		580B350B2682671700A55703 /* PBXTargetDependency */ = {
			isa = PBXTargetDependency;
			target = 580B34E22682671400A55703 /* Tipper */;
			targetProxy = 580B350A2682671700A55703 /* PBXContainerItemProxy */;
		};
/* End PBXTargetDependency section */

/* Begin PBXVariantGroup section */
		580B34EF2682671500A55703 /* Main.storyboard */ = {
			isa = PBXVariantGroup;
			children = (
				580B34F02682671500A55703 /* Base */,
			);
			name = Main.storyboard;
			sourceTree = "<group>";
		};
		580B34F42682671600A55703 /* LaunchScreen.storyboard */ = {
			isa = PBXVariantGroup;
			children = (
				580B34F52682671600A55703 /* Base */,
			);
			name = LaunchScreen.storyboard;
			sourceTree = "<group>";
		};
/* End PBXVariantGroup section */

/* Begin XCBuildConfiguration section */
		580B35102682671700A55703 /* Debug */ = {
			isa = XCBuildConfiguration;
			buildSettings = {
				ALWAYS_SEARCH_USER_PATHS = NO;
				CLANG_ANALYZER_NONNULL = YES;
				CLANG_ANALYZER_NUMBER_OBJECT_CONVERSION = YES_AGGRESSIVE;
				CLANG_CXX_LANGUAGE_STANDARD = "gnu++14";
				CLANG_CXX_LIBRARY = "libc++";
				CLANG_ENABLE_MODULES = YES;
				CLANG_ENABLE_OBJC_ARC = YES;
				CLANG_ENABLE_OBJC_WEAK = YES;
				CLANG_WARN_BLOCK_CAPTURE_AUTORELEASING = YES;
				CLANG_WARN_BOOL_CONVERSION = YES;
				CLANG_WARN_COMMA = YES;
				CLANG_WARN_CONSTANT_CONVERSION = YES;
				CLANG_WARN_DEPRECATED_OBJC_IMPLEMENTATIONS = YES;
				CLANG_WARN_DIRECT_OBJC_ISA_USAGE = YES_ERROR;
				CLANG_WARN_DOCUMENTATION_COMMENTS = YES;
				CLANG_WARN_EMPTY_BODY = YES;
				CLANG_WARN_ENUM_CONVERSION = YES;
				CLANG_WARN_INFINITE_RECURSION = YES;
				CLANG_WARN_INT_CONVERSION = YES;
				CLANG_WARN_NON_LITERAL_NULL_CONVERSION = YES;
				CLANG_WARN_OBJC_IMPLICIT_RETAIN_SELF = YES;
				CLANG_WARN_OBJC_LITERAL_CONVERSION = YES;
				CLANG_WARN_OBJC_ROOT_CLASS = YES_ERROR;
				CLANG_WARN_QUOTED_INCLUDE_IN_FRAMEWORK_HEADER = YES;
				CLANG_WARN_RANGE_LOOP_ANALYSIS = YES;
				CLANG_WARN_STRICT_PROTOTYPES = YES;
				CLANG_WARN_SUSPICIOUS_MOVE = YES;
				CLANG_WARN_UNGUARDED_AVAILABILITY = YES_AGGRESSIVE;
				CLANG_WARN_UNREACHABLE_CODE = YES;
				CLANG_WARN__DUPLICATE_METHOD_MATCH = YES;
				COPY_PHASE_STRIP = NO;
				DEBUG_INFORMATION_FORMAT = dwarf;
				ENABLE_STRICT_OBJC_MSGSEND = YES;
				ENABLE_TESTABILITY = YES;
				GCC_C_LANGUAGE_STANDARD = gnu11;
				GCC_DYNAMIC_NO_PIC = NO;
				GCC_NO_COMMON_BLOCKS = YES;
				GCC_OPTIMIZATION_LEVEL = 0;
				GCC_PREPROCESSOR_DEFINITIONS = (
					"DEBUG=1",
					"$(inherited)",
				);
				GCC_WARN_64_TO_32_BIT_CONVERSION = YES;
				GCC_WARN_ABOUT_RETURN_TYPE = YES_ERROR;
				GCC_WARN_UNDECLARED_SELECTOR = YES;
				GCC_WARN_UNINITIALIZED_AUTOS = YES_AGGRESSIVE;
				GCC_WARN_UNUSED_FUNCTION = YES;
				GCC_WARN_UNUSED_VARIABLE = YES;
				IPHONEOS_DEPLOYMENT_TARGET = 14.5;
				MTL_ENABLE_DEBUG_INFO = INCLUDE_SOURCE;
				MTL_FAST_MATH = YES;
				ONLY_ACTIVE_ARCH = YES;
				SDKROOT = iphoneos;
			};
			name = Debug;
		};
		580B35112682671700A55703 /* Release */ = {
			isa = XCBuildConfiguration;
			buildSettings = {
				ALWAYS_SEARCH_USER_PATHS = NO;
				CLANG_ANALYZER_NONNULL = YES;
				CLANG_ANALYZER_NUMBER_OBJECT_CONVERSION = YES_AGGRESSIVE;
				CLANG_CXX_LANGUAGE_STANDARD = "gnu++14";
				CLANG_CXX_LIBRARY = "libc++";
				CLANG_ENABLE_MODULES = YES;
				CLANG_ENABLE_OBJC_ARC = YES;
				CLANG_ENABLE_OBJC_WEAK = YES;
				CLANG_WARN_BLOCK_CAPTURE_AUTORELEASING = YES;
				CLANG_WARN_BOOL_CONVERSION = YES;
				CLANG_WARN_COMMA = YES;
				CLANG_WARN_CONSTANT_CONVERSION = YES;
				CLANG_WARN_DEPRECATED_OBJC_IMPLEMENTATIONS = YES;
				CLANG_WARN_DIRECT_OBJC_ISA_USAGE = YES_ERROR;
				CLANG_WARN_DOCUMENTATION_COMMENTS = YES;
				CLANG_WARN_EMPTY_BODY = YES;
				CLANG_WARN_ENUM_CONVERSION = YES;
				CLANG_WARN_INFINITE_RECURSION = YES;
				CLANG_WARN_INT_CONVERSION = YES;
				CLANG_WARN_NON_LITERAL_NULL_CONVERSION = YES;
				CLANG_WARN_OBJC_IMPLICIT_RETAIN_SELF = YES;
				CLANG_WARN_OBJC_LITERAL_CONVERSION = YES;
				CLANG_WARN_OBJC_ROOT_CLASS = YES_ERROR;
				CLANG_WARN_QUOTED_INCLUDE_IN_FRAMEWORK_HEADER = YES;
				CLANG_WARN_RANGE_LOOP_ANALYSIS = YES;
				CLANG_WARN_STRICT_PROTOTYPES = YES;
				CLANG_WARN_SUSPICIOUS_MOVE = YES;
				CLANG_WARN_UNGUARDED_AVAILABILITY = YES_AGGRESSIVE;
				CLANG_WARN_UNREACHABLE_CODE = YES;
				CLANG_WARN__DUPLICATE_METHOD_MATCH = YES;
				COPY_PHASE_STRIP = NO;
				DEBUG_INFORMATION_FORMAT = "dwarf-with-dsym";
				ENABLE_NS_ASSERTIONS = NO;
				ENABLE_STRICT_OBJC_MSGSEND = YES;
				GCC_C_LANGUAGE_STANDARD = gnu11;
				GCC_NO_COMMON_BLOCKS = YES;
				GCC_WARN_64_TO_32_BIT_CONVERSION = YES;
				GCC_WARN_ABOUT_RETURN_TYPE = YES_ERROR;
				GCC_WARN_UNDECLARED_SELECTOR = YES;
				GCC_WARN_UNINITIALIZED_AUTOS = YES_AGGRESSIVE;
				GCC_WARN_UNUSED_FUNCTION = YES;
				GCC_WARN_UNUSED_VARIABLE = YES;
				IPHONEOS_DEPLOYMENT_TARGET = 14.5;
				MTL_ENABLE_DEBUG_INFO = NO;
				MTL_FAST_MATH = YES;
				SDKROOT = iphoneos;
				VALIDATE_PRODUCT = YES;
			};
			name = Release;
		};
		580B35132682671700A55703 /* Debug */ = {
			isa = XCBuildConfiguration;
			buildSettings = {
				ASSETCATALOG_COMPILER_APPICON_NAME = AppIcon;
				ASSETCATALOG_COMPILER_GLOBAL_ACCENT_COLOR_NAME = AccentColor;
				CODE_SIGN_STYLE = Automatic;
				DEVELOPMENT_TEAM = 263FXLA8F5;
				INFOPLIST_FILE = Tipper/Info.plist;
				LD_RUNPATH_SEARCH_PATHS = (
					"$(inherited)",
					"@executable_path/Frameworks",
				);
				PRODUCT_BUNDLE_IDENTIFIER = com.melo2902.Tipper;
				PRODUCT_NAME = "$(TARGET_NAME)";
				TARGETED_DEVICE_FAMILY = "1,2";
			};
			name = Debug;
		};
		580B35142682671700A55703 /* Release */ = {
			isa = XCBuildConfiguration;
			buildSettings = {
				ASSETCATALOG_COMPILER_APPICON_NAME = AppIcon;
				ASSETCATALOG_COMPILER_GLOBAL_ACCENT_COLOR_NAME = AccentColor;
				CODE_SIGN_STYLE = Automatic;
				DEVELOPMENT_TEAM = 263FXLA8F5;
				INFOPLIST_FILE = Tipper/Info.plist;
				LD_RUNPATH_SEARCH_PATHS = (
					"$(inherited)",
					"@executable_path/Frameworks",
				);
				PRODUCT_BUNDLE_IDENTIFIER = com.melo2902.Tipper;
				PRODUCT_NAME = "$(TARGET_NAME)";
				TARGETED_DEVICE_FAMILY = "1,2";
			};
			name = Release;
		};
		580B35162682671700A55703 /* Debug */ = {
			isa = XCBuildConfiguration;
			buildSettings = {
				BUNDLE_LOADER = "$(TEST_HOST)";
				CODE_SIGN_STYLE = Automatic;
				DEVELOPMENT_TEAM = 263FXLA8F5;
				INFOPLIST_FILE = TipperTests/Info.plist;
				IPHONEOS_DEPLOYMENT_TARGET = 14.5;
				LD_RUNPATH_SEARCH_PATHS = (
					"$(inherited)",
					"@executable_path/Frameworks",
					"@loader_path/Frameworks",
				);
				PRODUCT_BUNDLE_IDENTIFIER = com.melo2902.TipperTests;
				PRODUCT_NAME = "$(TARGET_NAME)";
				TARGETED_DEVICE_FAMILY = "1,2";
				TEST_HOST = "$(BUILT_PRODUCTS_DIR)/Tipper.app/Tipper";
			};
			name = Debug;
		};
		580B35172682671700A55703 /* Release */ = {
			isa = XCBuildConfiguration;
			buildSettings = {
				BUNDLE_LOADER = "$(TEST_HOST)";
				CODE_SIGN_STYLE = Automatic;
				DEVELOPMENT_TEAM = 263FXLA8F5;
				INFOPLIST_FILE = TipperTests/Info.plist;
				IPHONEOS_DEPLOYMENT_TARGET = 14.5;
				LD_RUNPATH_SEARCH_PATHS = (
					"$(inherited)",
					"@executable_path/Frameworks",
					"@loader_path/Frameworks",
				);
				PRODUCT_BUNDLE_IDENTIFIER = com.melo2902.TipperTests;
				PRODUCT_NAME = "$(TARGET_NAME)";
				TARGETED_DEVICE_FAMILY = "1,2";
				TEST_HOST = "$(BUILT_PRODUCTS_DIR)/Tipper.app/Tipper";
			};
			name = Release;
		};
		580B35192682671700A55703 /* Debug */ = {
			isa = XCBuildConfiguration;
			buildSettings = {
				CODE_SIGN_STYLE = Automatic;
				DEVELOPMENT_TEAM = 263FXLA8F5;
				INFOPLIST_FILE = TipperUITests/Info.plist;
				LD_RUNPATH_SEARCH_PATHS = (
					"$(inherited)",
					"@executable_path/Frameworks",
					"@loader_path/Frameworks",
				);
				PRODUCT_BUNDLE_IDENTIFIER = com.melo2902.TipperUITests;
				PRODUCT_NAME = "$(TARGET_NAME)";
				TARGETED_DEVICE_FAMILY = "1,2";
				TEST_TARGET_NAME = Tipper;
			};
			name = Debug;
		};
		580B351A2682671700A55703 /* Release */ = {
			isa = XCBuildConfiguration;
			buildSettings = {
				CODE_SIGN_STYLE = Automatic;
				DEVELOPMENT_TEAM = 263FXLA8F5;
				INFOPLIST_FILE = TipperUITests/Info.plist;
				LD_RUNPATH_SEARCH_PATHS = (
					"$(inherited)",
					"@executable_path/Frameworks",
					"@loader_path/Frameworks",
				);
				PRODUCT_BUNDLE_IDENTIFIER = com.melo2902.TipperUITests;
				PRODUCT_NAME = "$(TARGET_NAME)";
				TARGETED_DEVICE_FAMILY = "1,2";
				TEST_TARGET_NAME = Tipper;
			};
			name = Release;
		};
/* End XCBuildConfiguration section */

/* Begin XCConfigurationList section */
		580B34DE2682671400A55703 /* Build configuration list for PBXProject "Tipper" */ = {
			isa = XCConfigurationList;
			buildConfigurations = (
				580B35102682671700A55703 /* Debug */,
				580B35112682671700A55703 /* Release */,
			);
			defaultConfigurationIsVisible = 0;
			defaultConfigurationName = Release;
		};
		580B35122682671700A55703 /* Build configuration list for PBXNativeTarget "Tipper" */ = {
			isa = XCConfigurationList;
			buildConfigurations = (
				580B35132682671700A55703 /* Debug */,
				580B35142682671700A55703 /* Release */,
			);
			defaultConfigurationIsVisible = 0;
			defaultConfigurationName = Release;
		};
		580B35152682671700A55703 /* Build configuration list for PBXNativeTarget "TipperTests" */ = {
			isa = XCConfigurationList;
			buildConfigurations = (
				580B35162682671700A55703 /* Debug */,
				580B35172682671700A55703 /* Release */,
			);
			defaultConfigurationIsVisible = 0;
			defaultConfigurationName = Release;
		};
		580B35182682671700A55703 /* Build configuration list for PBXNativeTarget "TipperUITests" */ = {
			isa = XCConfigurationList;
			buildConfigurations = (
				580B35192682671700A55703 /* Debug */,
				580B351A2682671700A55703 /* Release */,
			);
			defaultConfigurationIsVisible = 0;
			defaultConfigurationName = Release;
		};
/* End XCConfigurationList section */
	};
	rootObject = 580B34DB2682671400A55703 /* Project object */;
}
